<?xml version="1.0" encoding="utf-8"?>
<Project ToolsVersion="4.0" xmlns="http://schemas.microsoft.com/developer/msbuild/2003">
  <ItemGroup>
    <Filter Include="Source Files">
      <UniqueIdentifier>{4FC737F1-C7A5-4376-A066-2A32D752A2FF}</UniqueIdentifier>
      <Extensions>cpp;c;cc;cxx;c++;cppm;ixx;def;odl;idl;hpj;bat;asm;asmx</Extensions>
    </Filter>
    <Filter Include="Header Files">
      <UniqueIdentifier>{93995380-89BD-4b04-88EB-625FBE52EBFB}</UniqueIdentifier>
      <Extensions>h;hh;hpp;hxx;h++;hm;inl;inc;ipp;xsd</Extensions>
    </Filter>
    <Filter Include="Resource Files">
      <UniqueIdentifier>{67DA6AB6-F800-4c08-8B7A-83BB121AAD01}</UniqueIdentifier>
      <Extensions>rc;ico;cur;bmp;dlg;rc2;rct;bin;rgs;gif;jpg;jpeg;jpe;resx;tiff;tif;png;wav;mfcribbon-ms</Extensions>
    </Filter>
  </ItemGroup>
  <ItemGroup>
    <ClCompile Include="..\..\main.c">
      <Filter>Source Files</Filter>
    </ClCompile>
    <ClCompile Include="..\..\web-server\web-server-internal\http_headers_internal.c">
      <Filter>Source Files</Filter>
    </ClCompile>
    <ClCompile Include="..\..\web-server\web-server-internal\http_query_internal.c">
      <Filter>Source Files</Filter>
    </ClCompile>
    <ClCompile Include="..\..\web-server\web_server.c">
      <Filter>Source Files</Filter>
    </ClCompile>
  </ItemGroup>
  <ItemGroup>
    <ClInclude Include="..\..\web-server\web-server-internal\http_headers_internal.h">
      <Filter>Header Files</Filter>
    </ClInclude>
    <ClInclude Include="..\..\web-server\web-server-internal\http_query_internal.h">
      <Filter>Header Files</Filter>
    </ClInclude>
    <ClInclude Include="..\..\web-server\web-server-internal\key_value_pair.h">
      <Filter>Header Files</Filter>
    </ClInclude>
    <ClInclude Include="..\..\web-server\http_headers.h">
      <Filter>Header Files</Filter>
    </ClInclude>
    <ClInclude Include="..\..\web-server\http_method.h">
      <Filter>Header Files</Filter>
    </ClInclude>
    <ClInclude Include="..\..\web-server\http_query.h">
      <Filter>Header Files</Filter>
    </ClInclude>
    <ClInclude Include="..\..\web-server\http_request.h">
      <Filter>Header Files</Filter>
    </ClInclude>
    <ClInclude Include="..\..\web-server\http_response.h">
      <Filter>Header Files</Filter>
    </ClInclude>
    <ClInclude Include="..\..\web-server\http_status_code.h">
      <Filter>Header Files</Filter>
    </ClInclude>
    <ClInclude Include="..\..\web-server\web_server.h">
      <Filter>Header Files</Filter>
    </ClInclude>
  </ItemGroup>
  <ItemGroup>
    <CopyFileToFolders Include="..\..\html\index.he.html" />
    <CopyFileToFolders Include="..\..\html\index.html" />
    <CopyFileToFolders Include="..\..\html\index.fr.html" />
  </ItemGroup>
</Project>